
Microsoft Visual Studio Solution File, Format Version 12.00
# Visual Studio Version 16
VisualStudioVersion = 16.0.34931.43
MinimumVisualStudioVersion = 10.0.40219.1
Project("{FAE04EC0-301F-11D3-BF4B-00C04F79EFBC}") = "ConsoleApp2", "ConsoleApp2.csproj", "{1E338B49-0F42-42A4-98BA-51DFE670ED7E}"
EndProject
Global
	GlobalSection(SolutionConfigurationPlatforms) = preSolution
		Debug|Any CPU = Debug|Any CPU
		Release|Any CPU = Release|Any CPU
	EndGlobalSection
	GlobalSection(ProjectConfigurationPlatforms) = postSolution
		{1E338B49-0F42-42A4-98BA-51DFE670ED7E}.Debug|Any CPU.ActiveCfg = Debug|Any CPU
		{1E338B49-0F42-42A4-98BA-51DFE670ED7E}.Debug|Any CPU.Build.0 = Debug|Any CPU
		{1E338B49-0F42-42A4-98BA-51DFE670ED7E}.Release|Any CPU.ActiveCfg = Release|Any CPU
		{1E338B49-0F42-42A4-98BA-51DFE670ED7E}.Release|Any CPU.Build.0 = Release|Any CPU
	EndGlobalSection
	GlobalSection(SolutionProperties) = preSolution
		HideSolutionNode = FALSE
	EndGlobalSection
	GlobalSection(ExtensibilityGlobals) = postSolution
		SolutionGuid = {A6BB03DB-FEA2-4D89-949E-CE9F9A732A08}
	EndGlobalSection
EndGlobal
